{
  "version": 4,
  "terraform_version": "1.5.6",
  "serial": 87,
  "lineage": "30e2765f-3bfb-6549-acec-96e5dda4f356",
  "outputs": {},
  "resources": [
    {
      "mode": "managed",
      "type": "azurerm_network_security_group",
      "name": "nsg006",
      "provider": "provider[\"registry.terraform.io/hashicorp/azurerm\"]",
      "instances": [
        {
          "index_key": 0,
          "schema_version": 0,
          "attributes": {
            "id": "/subscriptions/efc1e7b1-5729-4eea-b33e-12cc6b1c0183/resourceGroups/rg-IaC-vnet-001/providers/Microsoft.Network/networkSecurityGroups/nsg-vnet-produ-001",
            "location": "westeurope",
            "name": "nsg-vnet-produ-001",
            "resource_group_name": "rg-IaC-vnet-001",
            "security_rule": [],
            "tags": {},
            "timeouts": null
          },
          "sensitive_attributes": [],
          "private": "eyJlMmJmYjczMC1lY2FhLTExZTYtOGY4OC0zNDM2M2JjN2M0YzAiOnsiY3JlYXRlIjoxODAwMDAwMDAwMDAwLCJkZWxldGUiOjE4MDAwMDAwMDAwMDAsInJlYWQiOjMwMDAwMDAwMDAwMCwidXBkYXRlIjoxODAwMDAwMDAwMDAwfX0=",
          "dependencies": [
            "azurerm_resource_group.rgwe006"
          ]
        },
        {
          "index_key": 1,
          "schema_version": 0,
          "attributes": {
            "id": "/subscriptions/efc1e7b1-5729-4eea-b33e-12cc6b1c0183/resourceGroups/rg-IaC-vnet-001/providers/Microsoft.Network/networkSecurityGroups/nsg-vnet-develop-001",
            "location": "westeurope",
            "name": "nsg-vnet-develop-001",
            "resource_group_name": "rg-IaC-vnet-001",
            "security_rule": [],
            "tags": {},
            "timeouts": null
          },
          "sensitive_attributes": [],
          "private": "eyJlMmJmYjczMC1lY2FhLTExZTYtOGY4OC0zNDM2M2JjN2M0YzAiOnsiY3JlYXRlIjoxODAwMDAwMDAwMDAwLCJkZWxldGUiOjE4MDAwMDAwMDAwMDAsInJlYWQiOjMwMDAwMDAwMDAwMCwidXBkYXRlIjoxODAwMDAwMDAwMDAwfX0=",
          "dependencies": [
            "azurerm_resource_group.rgwe006"
          ]
        }
      ]
    },
    {
      "mode": "managed",
      "type": "azurerm_resource_group",
      "name": "rgwe006",
      "provider": "provider[\"registry.terraform.io/hashicorp/azurerm\"]",
      "instances": [
        {
          "index_key": 0,
          "schema_version": 0,
          "attributes": {
            "id": "/subscriptions/efc1e7b1-5729-4eea-b33e-12cc6b1c0183/resourceGroups/rg-IaC-vnet-001",
            "location": "westeurope",
            "managed_by": "",
            "name": "rg-IaC-vnet-001",
            "tags": {
              "billing_code": "D0018234CSSD",
              "owner": "john Martin",
              "project": "education-TISIP-school"
            },
            "timeouts": null
          },
          "sensitive_attributes": [],
          "private": "eyJlMmJmYjczMC1lY2FhLTExZTYtOGY4OC0zNDM2M2JjN2M0YzAiOnsiY3JlYXRlIjo1NDAwMDAwMDAwMDAwLCJkZWxldGUiOjU0MDAwMDAwMDAwMDAsInJlYWQiOjMwMDAwMDAwMDAwMCwidXBkYXRlIjo1NDAwMDAwMDAwMDAwfX0="
        },
        {
          "index_key": 1,
          "schema_version": 0,
          "attributes": {
            "id": "/subscriptions/efc1e7b1-5729-4eea-b33e-12cc6b1c0183/resourceGroups/rg-IaC-sa-001",
            "location": "westeurope",
            "managed_by": "",
            "name": "rg-IaC-sa-001",
            "tags": {
              "billing_code": "D0018234CSSD",
              "owner": "john Martin",
              "project": "education-TISIP-school"
            },
            "timeouts": null
          },
          "sensitive_attributes": [],
          "private": "eyJlMmJmYjczMC1lY2FhLTExZTYtOGY4OC0zNDM2M2JjN2M0YzAiOnsiY3JlYXRlIjo1NDAwMDAwMDAwMDAwLCJkZWxldGUiOjU0MDAwMDAwMDAwMDAsInJlYWQiOjMwMDAwMDAwMDAwMCwidXBkYXRlIjo1NDAwMDAwMDAwMDAwfX0="
        }
      ]
    },
    {
      "mode": "managed",
      "type": "azurerm_storage_account",
      "name": "sa-demo06",
      "provider": "provider[\"registry.terraform.io/hashicorp/azurerm\"]",
      "instances": [
        {
          "index_key": 0,
          "schema_version": 4,
          "attributes": {
            "access_tier": "Hot",
            "account_kind": "StorageV2",
            "account_replication_type": "LRS",
            "account_tier": "Standard",
            "allow_nested_items_to_be_public": true,
            "allowed_copy_scope": "",
            "azure_files_authentication": [],
            "blob_properties": [
              {
                "change_feed_enabled": false,
                "change_feed_retention_in_days": 0,
                "container_delete_retention_policy": [],
                "cors_rule": [],
                "default_service_version": "",
                "delete_retention_policy": [],
                "last_access_time_enabled": false,
                "restore_policy": [],
                "versioning_enabled": false
              }
            ],
            "cross_tenant_replication_enabled": true,
            "custom_domain": [],
            "customer_managed_key": [],
            "default_to_oauth_authentication": false,
            "edge_zone": "",
            "enable_https_traffic_only": true,
            "id": "/subscriptions/efc1e7b1-5729-4eea-b33e-12cc6b1c0183/resourceGroups/rg-IaC-sa-001/providers/Microsoft.Storage/storageAccounts/satisipjm001",
            "identity": [],
            "immutability_policy": [],
            "infrastructure_encryption_enabled": false,
            "is_hns_enabled": false,
            "large_file_share_enabled": null,
            "location": "westeurope",
            "min_tls_version": "TLS1_2",
            "name": "satisipjm001",
            "network_rules": [
              {
                "bypass": [
                  "AzureServices"
                ],
                "default_action": "Allow",
                "ip_rules": [],
                "private_link_access": [],
                "virtual_network_subnet_ids": []
              }
            ],
            "nfsv3_enabled": false,
            "primary_access_key": "iKcZ0Nw04nSx0aqVehMZMWdINdNt/HR/oo5ZiBCbEV7GPoKjpRnYxYHBQgnIJL4tEfGUkzPP5/v9+AStkarSNg==",
            "primary_blob_connection_string": "DefaultEndpointsProtocol=https;BlobEndpoint=https://satisipjm001.blob.core.windows.net/;AccountName=satisipjm001;AccountKey=iKcZ0Nw04nSx0aqVehMZMWdINdNt/HR/oo5ZiBCbEV7GPoKjpRnYxYHBQgnIJL4tEfGUkzPP5/v9+AStkarSNg==",
            "primary_blob_endpoint": "https://satisipjm001.blob.core.windows.net/",
            "primary_blob_host": "satisipjm001.blob.core.windows.net",
            "primary_connection_string": "DefaultEndpointsProtocol=https;AccountName=satisipjm001;AccountKey=iKcZ0Nw04nSx0aqVehMZMWdINdNt/HR/oo5ZiBCbEV7GPoKjpRnYxYHBQgnIJL4tEfGUkzPP5/v9+AStkarSNg==;EndpointSuffix=core.windows.net",
            "primary_dfs_endpoint": "https://satisipjm001.dfs.core.windows.net/",
            "primary_dfs_host": "satisipjm001.dfs.core.windows.net",
            "primary_file_endpoint": "https://satisipjm001.file.core.windows.net/",
            "primary_file_host": "satisipjm001.file.core.windows.net",
            "primary_location": "westeurope",
            "primary_queue_endpoint": "https://satisipjm001.queue.core.windows.net/",
            "primary_queue_host": "satisipjm001.queue.core.windows.net",
            "primary_table_endpoint": "https://satisipjm001.table.core.windows.net/",
            "primary_table_host": "satisipjm001.table.core.windows.net",
            "primary_web_endpoint": "https://satisipjm001.z6.web.core.windows.net/",
            "primary_web_host": "satisipjm001.z6.web.core.windows.net",
            "public_network_access_enabled": true,
            "queue_encryption_key_type": "Service",
            "queue_properties": [
              {
                "cors_rule": [],
                "hour_metrics": [
                  {
                    "enabled": true,
                    "include_apis": true,
                    "retention_policy_days": 7,
                    "version": "1.0"
                  }
                ],
                "logging": [
                  {
                    "delete": false,
                    "read": false,
                    "retention_policy_days": 0,
                    "version": "1.0",
                    "write": false
                  }
                ],
                "minute_metrics": [
                  {
                    "enabled": false,
                    "include_apis": false,
                    "retention_policy_days": 0,
                    "version": "1.0"
                  }
                ]
              }
            ],
            "resource_group_name": "rg-IaC-sa-001",
            "routing": [],
            "sas_policy": [],
            "secondary_access_key": "HMS5ljK5UgX6OhVu1QpEXXuwzTaiqVfpwRZqXI6Fnp6wQuvKlXlPppUe1IspVsSC3Pjs7pXK33y9+AStix1dVQ==",
            "secondary_blob_connection_string": "",
            "secondary_blob_endpoint": null,
            "secondary_blob_host": null,
            "secondary_connection_string": "DefaultEndpointsProtocol=https;AccountName=satisipjm001;AccountKey=HMS5ljK5UgX6OhVu1QpEXXuwzTaiqVfpwRZqXI6Fnp6wQuvKlXlPppUe1IspVsSC3Pjs7pXK33y9+AStix1dVQ==;EndpointSuffix=core.windows.net",
            "secondary_dfs_endpoint": null,
            "secondary_dfs_host": null,
            "secondary_file_endpoint": null,
            "secondary_file_host": null,
            "secondary_location": "",
            "secondary_queue_endpoint": null,
            "secondary_queue_host": null,
            "secondary_table_endpoint": null,
            "secondary_table_host": null,
            "secondary_web_endpoint": null,
            "secondary_web_host": null,
            "sftp_enabled": false,
            "share_properties": [
              {
                "cors_rule": [],
                "retention_policy": [
                  {
                    "days": 7
                  }
                ],
                "smb": []
              }
            ],
            "shared_access_key_enabled": true,
            "static_website": [],
            "table_encryption_key_type": "Service",
            "tags": {
              "billing_code": "D0018234CSSD",
              "owner": "john Martin",
              "project": "education-TISIP-school"
            },
            "timeouts": null
          },
          "sensitive_attributes": [],
          "private": "eyJlMmJmYjczMC1lY2FhLTExZTYtOGY4OC0zNDM2M2JjN2M0YzAiOnsiY3JlYXRlIjozNjAwMDAwMDAwMDAwLCJkZWxldGUiOjM2MDAwMDAwMDAwMDAsInJlYWQiOjMwMDAwMDAwMDAwMCwidXBkYXRlIjozNjAwMDAwMDAwMDAwfSwic2NoZW1hX3ZlcnNpb24iOiI0In0=",
          "dependencies": [
            "azurerm_resource_group.rgwe006"
          ]
        },
        {
          "index_key": 1,
          "schema_version": 4,
          "attributes": {
            "access_tier": "Hot",
            "account_kind": "StorageV2",
            "account_replication_type": "LRS",
            "account_tier": "Standard",
            "allow_nested_items_to_be_public": true,
            "allowed_copy_scope": "",
            "azure_files_authentication": [],
            "blob_properties": [
              {
                "change_feed_enabled": false,
                "change_feed_retention_in_days": 0,
                "container_delete_retention_policy": [],
                "cors_rule": [],
                "default_service_version": "",
                "delete_retention_policy": [],
                "last_access_time_enabled": false,
                "restore_policy": [],
                "versioning_enabled": false
              }
            ],
            "cross_tenant_replication_enabled": true,
            "custom_domain": [],
            "customer_managed_key": [],
            "default_to_oauth_authentication": false,
            "edge_zone": "",
            "enable_https_traffic_only": true,
            "id": "/subscriptions/efc1e7b1-5729-4eea-b33e-12cc6b1c0183/resourceGroups/rg-IaC-sa-001/providers/Microsoft.Storage/storageAccounts/satisipjm002",
            "identity": [],
            "immutability_policy": [],
            "infrastructure_encryption_enabled": false,
            "is_hns_enabled": false,
            "large_file_share_enabled": null,
            "location": "westeurope",
            "min_tls_version": "TLS1_2",
            "name": "satisipjm002",
            "network_rules": [
              {
                "bypass": [
                  "AzureServices"
                ],
                "default_action": "Allow",
                "ip_rules": [],
                "private_link_access": [],
                "virtual_network_subnet_ids": []
              }
            ],
            "nfsv3_enabled": false,
            "primary_access_key": "FeWrIYvZgn8jIeUOKuxn3W/NpTvCmzVBkAxAKwK4t23TwzSXrvxaLJuEK/s61G8Sp3SBm3Q0n8rJ+ASt8sd2ug==",
            "primary_blob_connection_string": "DefaultEndpointsProtocol=https;BlobEndpoint=https://satisipjm002.blob.core.windows.net/;AccountName=satisipjm002;AccountKey=FeWrIYvZgn8jIeUOKuxn3W/NpTvCmzVBkAxAKwK4t23TwzSXrvxaLJuEK/s61G8Sp3SBm3Q0n8rJ+ASt8sd2ug==",
            "primary_blob_endpoint": "https://satisipjm002.blob.core.windows.net/",
            "primary_blob_host": "satisipjm002.blob.core.windows.net",
            "primary_connection_string": "DefaultEndpointsProtocol=https;AccountName=satisipjm002;AccountKey=FeWrIYvZgn8jIeUOKuxn3W/NpTvCmzVBkAxAKwK4t23TwzSXrvxaLJuEK/s61G8Sp3SBm3Q0n8rJ+ASt8sd2ug==;EndpointSuffix=core.windows.net",
            "primary_dfs_endpoint": "https://satisipjm002.dfs.core.windows.net/",
            "primary_dfs_host": "satisipjm002.dfs.core.windows.net",
            "primary_file_endpoint": "https://satisipjm002.file.core.windows.net/",
            "primary_file_host": "satisipjm002.file.core.windows.net",
            "primary_location": "westeurope",
            "primary_queue_endpoint": "https://satisipjm002.queue.core.windows.net/",
            "primary_queue_host": "satisipjm002.queue.core.windows.net",
            "primary_table_endpoint": "https://satisipjm002.table.core.windows.net/",
            "primary_table_host": "satisipjm002.table.core.windows.net",
            "primary_web_endpoint": "https://satisipjm002.z6.web.core.windows.net/",
            "primary_web_host": "satisipjm002.z6.web.core.windows.net",
            "public_network_access_enabled": true,
            "queue_encryption_key_type": "Service",
            "queue_properties": [
              {
                "cors_rule": [],
                "hour_metrics": [
                  {
                    "enabled": true,
                    "include_apis": true,
                    "retention_policy_days": 7,
                    "version": "1.0"
                  }
                ],
                "logging": [
                  {
                    "delete": false,
                    "read": false,
                    "retention_policy_days": 0,
                    "version": "1.0",
                    "write": false
                  }
                ],
                "minute_metrics": [
                  {
                    "enabled": false,
                    "include_apis": false,
                    "retention_policy_days": 0,
                    "version": "1.0"
                  }
                ]
              }
            ],
            "resource_group_name": "rg-IaC-sa-001",
            "routing": [],
            "sas_policy": [],
            "secondary_access_key": "BPdenr/EwG4oZ+I3T0aBOSAdWiFXRUnRHvcxwRKY4TCL1t5W7rIiEhw8Ng5CIp0ytw+kRVZsbagI+AStLAGpRA==",
            "secondary_blob_connection_string": "",
            "secondary_blob_endpoint": null,
            "secondary_blob_host": null,
            "secondary_connection_string": "DefaultEndpointsProtocol=https;AccountName=satisipjm002;AccountKey=BPdenr/EwG4oZ+I3T0aBOSAdWiFXRUnRHvcxwRKY4TCL1t5W7rIiEhw8Ng5CIp0ytw+kRVZsbagI+AStLAGpRA==;EndpointSuffix=core.windows.net",
            "secondary_dfs_endpoint": null,
            "secondary_dfs_host": null,
            "secondary_file_endpoint": null,
            "secondary_file_host": null,
            "secondary_location": "",
            "secondary_queue_endpoint": null,
            "secondary_queue_host": null,
            "secondary_table_endpoint": null,
            "secondary_table_host": null,
            "secondary_web_endpoint": null,
            "secondary_web_host": null,
            "sftp_enabled": false,
            "share_properties": [
              {
                "cors_rule": [],
                "retention_policy": [
                  {
                    "days": 7
                  }
                ],
                "smb": []
              }
            ],
            "shared_access_key_enabled": true,
            "static_website": [],
            "table_encryption_key_type": "Service",
            "tags": {
              "billing_code": "D0018234CSSD",
              "owner": "john Martin",
              "project": "education-TISIP-school"
            },
            "timeouts": null
          },
          "sensitive_attributes": [],
          "private": "eyJlMmJmYjczMC1lY2FhLTExZTYtOGY4OC0zNDM2M2JjN2M0YzAiOnsiY3JlYXRlIjozNjAwMDAwMDAwMDAwLCJkZWxldGUiOjM2MDAwMDAwMDAwMDAsInJlYWQiOjMwMDAwMDAwMDAwMCwidXBkYXRlIjozNjAwMDAwMDAwMDAwfSwic2NoZW1hX3ZlcnNpb24iOiI0In0=",
          "dependencies": [
            "azurerm_resource_group.rgwe006"
          ]
        },
        {
          "index_key": 2,
          "schema_version": 4,
          "attributes": {
            "access_tier": "Hot",
            "account_kind": "StorageV2",
            "account_replication_type": "LRS",
            "account_tier": "Standard",
            "allow_nested_items_to_be_public": true,
            "allowed_copy_scope": "",
            "azure_files_authentication": [],
            "blob_properties": [
              {
                "change_feed_enabled": false,
                "change_feed_retention_in_days": 0,
                "container_delete_retention_policy": [],
                "cors_rule": [],
                "default_service_version": "",
                "delete_retention_policy": [],
                "last_access_time_enabled": false,
                "restore_policy": [],
                "versioning_enabled": false
              }
            ],
            "cross_tenant_replication_enabled": true,
            "custom_domain": [],
            "customer_managed_key": [],
            "default_to_oauth_authentication": false,
            "edge_zone": "",
            "enable_https_traffic_only": true,
            "id": "/subscriptions/efc1e7b1-5729-4eea-b33e-12cc6b1c0183/resourceGroups/rg-IaC-sa-001/providers/Microsoft.Storage/storageAccounts/satisipjm003",
            "identity": [],
            "immutability_policy": [],
            "infrastructure_encryption_enabled": false,
            "is_hns_enabled": false,
            "large_file_share_enabled": null,
            "location": "westeurope",
            "min_tls_version": "TLS1_2",
            "name": "satisipjm003",
            "network_rules": [
              {
                "bypass": [
                  "AzureServices"
                ],
                "default_action": "Allow",
                "ip_rules": [],
                "private_link_access": [],
                "virtual_network_subnet_ids": []
              }
            ],
            "nfsv3_enabled": false,
            "primary_access_key": "NUzac4HuLG469Qg/Wq4V7EoCwUt2rV0SuL/GYxDxpebDBKTfeRsMwtfVK0n4P8B2P6mDNxCrXMHU+AStItLSzQ==",
            "primary_blob_connection_string": "DefaultEndpointsProtocol=https;BlobEndpoint=https://satisipjm003.blob.core.windows.net/;AccountName=satisipjm003;AccountKey=NUzac4HuLG469Qg/Wq4V7EoCwUt2rV0SuL/GYxDxpebDBKTfeRsMwtfVK0n4P8B2P6mDNxCrXMHU+AStItLSzQ==",
            "primary_blob_endpoint": "https://satisipjm003.blob.core.windows.net/",
            "primary_blob_host": "satisipjm003.blob.core.windows.net",
            "primary_connection_string": "DefaultEndpointsProtocol=https;AccountName=satisipjm003;AccountKey=NUzac4HuLG469Qg/Wq4V7EoCwUt2rV0SuL/GYxDxpebDBKTfeRsMwtfVK0n4P8B2P6mDNxCrXMHU+AStItLSzQ==;EndpointSuffix=core.windows.net",
            "primary_dfs_endpoint": "https://satisipjm003.dfs.core.windows.net/",
            "primary_dfs_host": "satisipjm003.dfs.core.windows.net",
            "primary_file_endpoint": "https://satisipjm003.file.core.windows.net/",
            "primary_file_host": "satisipjm003.file.core.windows.net",
            "primary_location": "westeurope",
            "primary_queue_endpoint": "https://satisipjm003.queue.core.windows.net/",
            "primary_queue_host": "satisipjm003.queue.core.windows.net",
            "primary_table_endpoint": "https://satisipjm003.table.core.windows.net/",
            "primary_table_host": "satisipjm003.table.core.windows.net",
            "primary_web_endpoint": "https://satisipjm003.z6.web.core.windows.net/",
            "primary_web_host": "satisipjm003.z6.web.core.windows.net",
            "public_network_access_enabled": true,
            "queue_encryption_key_type": "Service",
            "queue_properties": [
              {
                "cors_rule": [],
                "hour_metrics": [
                  {
                    "enabled": true,
                    "include_apis": true,
                    "retention_policy_days": 7,
                    "version": "1.0"
                  }
                ],
                "logging": [
                  {
                    "delete": false,
                    "read": false,
                    "retention_policy_days": 0,
                    "version": "1.0",
                    "write": false
                  }
                ],
                "minute_metrics": [
                  {
                    "enabled": false,
                    "include_apis": false,
                    "retention_policy_days": 0,
                    "version": "1.0"
                  }
                ]
              }
            ],
            "resource_group_name": "rg-IaC-sa-001",
            "routing": [],
            "sas_policy": [],
            "secondary_access_key": "ackv2a9cfZmhyrfQoGE87x5/xeU8OSfbf/UFAlQfsuAzPxI8k8RzFHAyPtxE9qafqmyzmv79zo5F+ASt2hz2sg==",
            "secondary_blob_connection_string": "",
            "secondary_blob_endpoint": null,
            "secondary_blob_host": null,
            "secondary_connection_string": "DefaultEndpointsProtocol=https;AccountName=satisipjm003;AccountKey=ackv2a9cfZmhyrfQoGE87x5/xeU8OSfbf/UFAlQfsuAzPxI8k8RzFHAyPtxE9qafqmyzmv79zo5F+ASt2hz2sg==;EndpointSuffix=core.windows.net",
            "secondary_dfs_endpoint": null,
            "secondary_dfs_host": null,
            "secondary_file_endpoint": null,
            "secondary_file_host": null,
            "secondary_location": "",
            "secondary_queue_endpoint": null,
            "secondary_queue_host": null,
            "secondary_table_endpoint": null,
            "secondary_table_host": null,
            "secondary_web_endpoint": null,
            "secondary_web_host": null,
            "sftp_enabled": false,
            "share_properties": [
              {
                "cors_rule": [],
                "retention_policy": [
                  {
                    "days": 7
                  }
                ],
                "smb": []
              }
            ],
            "shared_access_key_enabled": true,
            "static_website": [],
            "table_encryption_key_type": "Service",
            "tags": {
              "billing_code": "D0018234CSSD",
              "owner": "john Martin",
              "project": "education-TISIP-school"
            },
            "timeouts": null
          },
          "sensitive_attributes": [],
          "private": "eyJlMmJmYjczMC1lY2FhLTExZTYtOGY4OC0zNDM2M2JjN2M0YzAiOnsiY3JlYXRlIjozNjAwMDAwMDAwMDAwLCJkZWxldGUiOjM2MDAwMDAwMDAwMDAsInJlYWQiOjMwMDAwMDAwMDAwMCwidXBkYXRlIjozNjAwMDAwMDAwMDAwfSwic2NoZW1hX3ZlcnNpb24iOiI0In0=",
          "dependencies": [
            "azurerm_resource_group.rgwe006"
          ]
        }
      ]
    },
    {
      "mode": "managed",
      "type": "azurerm_virtual_network",
      "name": "prod",
      "provider": "provider[\"registry.terraform.io/hashicorp/azurerm\"]",
      "instances": [
        {
          "index_key": 0,
          "schema_version": 0,
          "attributes": {
            "address_space": [
              "10.2.0.0/16"
            ],
            "bgp_community": "",
            "ddos_protection_plan": [],
            "dns_servers": [],
            "edge_zone": "",
            "encryption": [],
            "flow_timeout_in_minutes": 0,
            "guid": "cfb70e29-3443-47f3-a762-67cfc762d89f",
            "id": "/subscriptions/efc1e7b1-5729-4eea-b33e-12cc6b1c0183/resourceGroups/rg-IaC-vnet-001/providers/Microsoft.Network/virtualNetworks/vnet-production-001",
            "location": "westeurope",
            "name": "vnet-production-001",
            "resource_group_name": "rg-IaC-vnet-001",
            "subnet": [
              {
                "address_prefix": "10.2.1.0/24",
                "id": "/subscriptions/efc1e7b1-5729-4eea-b33e-12cc6b1c0183/resourceGroups/rg-IaC-vnet-001/providers/Microsoft.Network/virtualNetworks/vnet-production-001/subnets/production",
                "name": "production",
                "security_group": "/subscriptions/efc1e7b1-5729-4eea-b33e-12cc6b1c0183/resourceGroups/rg-IaC-vnet-001/providers/Microsoft.Network/networkSecurityGroups/nsg-vnet-produ-001"
              },
              {
                "address_prefix": "10.2.2.0/24",
                "id": "/subscriptions/efc1e7b1-5729-4eea-b33e-12cc6b1c0183/resourceGroups/rg-IaC-vnet-001/providers/Microsoft.Network/virtualNetworks/vnet-production-001/subnets/development",
                "name": "development",
                "security_group": "/subscriptions/efc1e7b1-5729-4eea-b33e-12cc6b1c0183/resourceGroups/rg-IaC-vnet-001/providers/Microsoft.Network/networkSecurityGroups/nsg-vnet-produ-001"
              }
            ],
            "tags": {
              "billing_code": "D0018234CSSD",
              "owner": "john Martin",
              "project": "education-TISIP-school"
            },
            "timeouts": null
          },
          "sensitive_attributes": [],
          "private": "eyJlMmJmYjczMC1lY2FhLTExZTYtOGY4OC0zNDM2M2JjN2M0YzAiOnsiY3JlYXRlIjoxODAwMDAwMDAwMDAwLCJkZWxldGUiOjE4MDAwMDAwMDAwMDAsInJlYWQiOjMwMDAwMDAwMDAwMCwidXBkYXRlIjoxODAwMDAwMDAwMDAwfX0=",
          "dependencies": [
            "azurerm_network_security_group.nsg006",
            "azurerm_resource_group.rgwe006"
          ]
        },
        {
          "index_key": 1,
          "schema_version": 0,
          "attributes": {
            "address_space": [
              "10.2.0.0/16"
            ],
            "bgp_community": "",
            "ddos_protection_plan": [],
            "dns_servers": [],
            "edge_zone": "",
            "encryption": [],
            "flow_timeout_in_minutes": 0,
            "guid": "3ccaaf49-dde7-4e77-ba97-29285255e8ac",
            "id": "/subscriptions/efc1e7b1-5729-4eea-b33e-12cc6b1c0183/resourceGroups/rg-IaC-vnet-001/providers/Microsoft.Network/virtualNetworks/vnet-development-001",
            "location": "westeurope",
            "name": "vnet-development-001",
            "resource_group_name": "rg-IaC-vnet-001",
            "subnet": [
              {
                "address_prefix": "10.2.1.0/24",
                "id": "/subscriptions/efc1e7b1-5729-4eea-b33e-12cc6b1c0183/resourceGroups/rg-IaC-vnet-001/providers/Microsoft.Network/virtualNetworks/vnet-development-001/subnets/production",
                "name": "production",
                "security_group": "/subscriptions/efc1e7b1-5729-4eea-b33e-12cc6b1c0183/resourceGroups/rg-IaC-vnet-001/providers/Microsoft.Network/networkSecurityGroups/nsg-vnet-develop-001"
              },
              {
                "address_prefix": "10.2.2.0/24",
                "id": "/subscriptions/efc1e7b1-5729-4eea-b33e-12cc6b1c0183/resourceGroups/rg-IaC-vnet-001/providers/Microsoft.Network/virtualNetworks/vnet-development-001/subnets/development",
                "name": "development",
                "security_group": "/subscriptions/efc1e7b1-5729-4eea-b33e-12cc6b1c0183/resourceGroups/rg-IaC-vnet-001/providers/Microsoft.Network/networkSecurityGroups/nsg-vnet-develop-001"
              }
            ],
            "tags": {
              "billing_code": "D0018234CSSD",
              "owner": "john Martin",
              "project": "education-TISIP-school"
            },
            "timeouts": null
          },
          "sensitive_attributes": [],
          "private": "eyJlMmJmYjczMC1lY2FhLTExZTYtOGY4OC0zNDM2M2JjN2M0YzAiOnsiY3JlYXRlIjoxODAwMDAwMDAwMDAwLCJkZWxldGUiOjE4MDAwMDAwMDAwMDAsInJlYWQiOjMwMDAwMDAwMDAwMCwidXBkYXRlIjoxODAwMDAwMDAwMDAwfX0=",
          "dependencies": [
            "azurerm_network_security_group.nsg006",
            "azurerm_resource_group.rgwe006"
          ]
        }
      ]
    }
  ],
  "check_results": null
}
