{
  "version": 4,
  "terraform_version": "1.5.6",
  "serial": 52,
  "lineage": "da7e5859-3a38-066b-64fa-78812e7abaad",
  "outputs": {},
  "resources": [
    {
      "mode": "managed",
      "type": "azurerm_network_security_group",
      "name": "nsg006",
      "provider": "provider[\"registry.terraform.io/hashicorp/azurerm\"]",
      "instances": [
        {
          "schema_version": 0,
          "attributes": {
            "id": "/subscriptions/efc1e7b1-5729-4eea-b33e-12cc6b1c0183/resourceGroups/rg-terraform-VariableTest-001/providers/Microsoft.Network/networkSecurityGroups/nsg-variableTest-001",
            "location": "westeurope",
            "name": "nsg-variableTest-001",
            "resource_group_name": "rg-terraform-VariableTest-001",
            "security_rule": [],
            "tags": null,
            "timeouts": null
          },
          "sensitive_attributes": [],
          "private": "eyJlMmJmYjczMC1lY2FhLTExZTYtOGY4OC0zNDM2M2JjN2M0YzAiOnsiY3JlYXRlIjoxODAwMDAwMDAwMDAwLCJkZWxldGUiOjE4MDAwMDAwMDAwMDAsInJlYWQiOjMwMDAwMDAwMDAwMCwidXBkYXRlIjoxODAwMDAwMDAwMDAwfX0=",
          "dependencies": [
            "azurerm_resource_group.rgwe006"
          ]
        }
      ]
    },
    {
      "mode": "managed",
      "type": "azurerm_resource_group",
      "name": "rgwe006",
      "provider": "provider[\"registry.terraform.io/hashicorp/azurerm\"]",
      "instances": [
        {
          "schema_version": 0,
          "attributes": {
            "id": "/subscriptions/efc1e7b1-5729-4eea-b33e-12cc6b1c0183/resourceGroups/rg-terraform-VariableTest-001",
            "location": "westeurope",
            "managed_by": "",
            "name": "rg-terraform-VariableTest-001",
            "tags": null,
            "timeouts": null
          },
          "sensitive_attributes": [],
          "private": "eyJlMmJmYjczMC1lY2FhLTExZTYtOGY4OC0zNDM2M2JjN2M0YzAiOnsiY3JlYXRlIjo1NDAwMDAwMDAwMDAwLCJkZWxldGUiOjU0MDAwMDAwMDAwMDAsInJlYWQiOjMwMDAwMDAwMDAwMCwidXBkYXRlIjo1NDAwMDAwMDAwMDAwfX0="
        }
      ]
    },
    {
      "mode": "managed",
      "type": "azurerm_storage_account",
      "name": "sa-demo06",
      "provider": "provider[\"registry.terraform.io/hashicorp/azurerm\"]",
      "instances": [
        {
          "schema_version": 4,
          "attributes": {
            "access_tier": "Hot",
            "account_kind": "StorageV2",
            "account_replication_type": "LRS",
            "account_tier": "Standard",
            "allow_nested_items_to_be_public": true,
            "allowed_copy_scope": "",
            "azure_files_authentication": [],
            "blob_properties": [
              {
                "change_feed_enabled": false,
                "change_feed_retention_in_days": 0,
                "container_delete_retention_policy": [],
                "cors_rule": [],
                "default_service_version": "",
                "delete_retention_policy": [],
                "last_access_time_enabled": false,
                "restore_policy": [],
                "versioning_enabled": false
              }
            ],
            "cross_tenant_replication_enabled": true,
            "custom_domain": [],
            "customer_managed_key": [],
            "default_to_oauth_authentication": false,
            "edge_zone": "",
            "enable_https_traffic_only": true,
            "id": "/subscriptions/efc1e7b1-5729-4eea-b33e-12cc6b1c0183/resourceGroups/rg-terraform-VariableTest-001/providers/Microsoft.Storage/storageAccounts/savartest001",
            "identity": [],
            "immutability_policy": [],
            "infrastructure_encryption_enabled": false,
            "is_hns_enabled": false,
            "large_file_share_enabled": null,
            "location": "westeurope",
            "min_tls_version": "TLS1_2",
            "name": "savartest001",
            "network_rules": [
              {
                "bypass": [
                  "AzureServices"
                ],
                "default_action": "Allow",
                "ip_rules": [],
                "private_link_access": [],
                "virtual_network_subnet_ids": []
              }
            ],
            "nfsv3_enabled": false,
            "primary_access_key": "8BeIDUH0iGUWxFtP8GhyTX7RrgsycH2V5hgCxMvfpGgJ0MWf9UVqt1kB6Himd44Cye4+5WCF3GDD+AStabEmtA==",
            "primary_blob_connection_string": "DefaultEndpointsProtocol=https;BlobEndpoint=https://savartest001.blob.core.windows.net/;AccountName=savartest001;AccountKey=8BeIDUH0iGUWxFtP8GhyTX7RrgsycH2V5hgCxMvfpGgJ0MWf9UVqt1kB6Himd44Cye4+5WCF3GDD+AStabEmtA==",
            "primary_blob_endpoint": "https://savartest001.blob.core.windows.net/",
            "primary_blob_host": "savartest001.blob.core.windows.net",
            "primary_connection_string": "DefaultEndpointsProtocol=https;AccountName=savartest001;AccountKey=8BeIDUH0iGUWxFtP8GhyTX7RrgsycH2V5hgCxMvfpGgJ0MWf9UVqt1kB6Himd44Cye4+5WCF3GDD+AStabEmtA==;EndpointSuffix=core.windows.net",
            "primary_dfs_endpoint": "https://savartest001.dfs.core.windows.net/",
            "primary_dfs_host": "savartest001.dfs.core.windows.net",
            "primary_file_endpoint": "https://savartest001.file.core.windows.net/",
            "primary_file_host": "savartest001.file.core.windows.net",
            "primary_location": "westeurope",
            "primary_queue_endpoint": "https://savartest001.queue.core.windows.net/",
            "primary_queue_host": "savartest001.queue.core.windows.net",
            "primary_table_endpoint": "https://savartest001.table.core.windows.net/",
            "primary_table_host": "savartest001.table.core.windows.net",
            "primary_web_endpoint": "https://savartest001.z6.web.core.windows.net/",
            "primary_web_host": "savartest001.z6.web.core.windows.net",
            "public_network_access_enabled": true,
            "queue_encryption_key_type": "Service",
            "queue_properties": [
              {
                "cors_rule": [],
                "hour_metrics": [
                  {
                    "enabled": true,
                    "include_apis": true,
                    "retention_policy_days": 7,
                    "version": "1.0"
                  }
                ],
                "logging": [
                  {
                    "delete": false,
                    "read": false,
                    "retention_policy_days": 0,
                    "version": "1.0",
                    "write": false
                  }
                ],
                "minute_metrics": [
                  {
                    "enabled": false,
                    "include_apis": false,
                    "retention_policy_days": 0,
                    "version": "1.0"
                  }
                ]
              }
            ],
            "resource_group_name": "rg-terraform-VariableTest-001",
            "routing": [],
            "sas_policy": [],
            "secondary_access_key": "LxaZ+M0s+1O+NQIAkI0cpKMoA51OyKxkn9GyhSIvtP3B1TtIR4c68w6cRQwG2BC2iFVU4RNaMhTc+AStw1jlNw==",
            "secondary_blob_connection_string": "",
            "secondary_blob_endpoint": null,
            "secondary_blob_host": null,
            "secondary_connection_string": "DefaultEndpointsProtocol=https;AccountName=savartest001;AccountKey=LxaZ+M0s+1O+NQIAkI0cpKMoA51OyKxkn9GyhSIvtP3B1TtIR4c68w6cRQwG2BC2iFVU4RNaMhTc+AStw1jlNw==;EndpointSuffix=core.windows.net",
            "secondary_dfs_endpoint": null,
            "secondary_dfs_host": null,
            "secondary_file_endpoint": null,
            "secondary_file_host": null,
            "secondary_location": "",
            "secondary_queue_endpoint": null,
            "secondary_queue_host": null,
            "secondary_table_endpoint": null,
            "secondary_table_host": null,
            "secondary_web_endpoint": null,
            "secondary_web_host": null,
            "sftp_enabled": false,
            "share_properties": [
              {
                "cors_rule": [],
                "retention_policy": [
                  {
                    "days": 7
                  }
                ],
                "smb": []
              }
            ],
            "shared_access_key_enabled": true,
            "static_website": [],
            "table_encryption_key_type": "Service",
            "tags": null,
            "timeouts": null
          },
          "sensitive_attributes": [],
          "private": "eyJlMmJmYjczMC1lY2FhLTExZTYtOGY4OC0zNDM2M2JjN2M0YzAiOnsiY3JlYXRlIjozNjAwMDAwMDAwMDAwLCJkZWxldGUiOjM2MDAwMDAwMDAwMDAsInJlYWQiOjMwMDAwMDAwMDAwMCwidXBkYXRlIjozNjAwMDAwMDAwMDAwfSwic2NoZW1hX3ZlcnNpb24iOiI0In0=",
          "dependencies": [
            "azurerm_resource_group.rgwe006"
          ]
        }
      ]
    },
    {
      "mode": "managed",
      "type": "azurerm_virtual_network",
      "name": "vnet1",
      "provider": "provider[\"registry.terraform.io/hashicorp/azurerm\"]",
      "instances": [
        {
          "schema_version": 0,
          "attributes": {
            "address_space": [
              "10.10.0.0/16"
            ],
            "bgp_community": "",
            "ddos_protection_plan": [],
            "dns_servers": [
              "10.0.0.4",
              "10.0.0.5"
            ],
            "edge_zone": "",
            "encryption": [],
            "flow_timeout_in_minutes": 0,
            "guid": "68c77b5e-6c78-420c-9a27-6fc5eb95bf9a",
            "id": "/subscriptions/efc1e7b1-5729-4eea-b33e-12cc6b1c0183/resourceGroups/rg-terraform-VariableTest-001/providers/Microsoft.Network/virtualNetworks/vnet-variableTestjm-we-001",
            "location": "westeurope",
            "name": "vnet-variableTestjm-we-001",
            "resource_group_name": "rg-terraform-VariableTest-001",
            "subnet": [
              {
                "address_prefix": "10.10.1.0/24",
                "id": "/subscriptions/efc1e7b1-5729-4eea-b33e-12cc6b1c0183/resourceGroups/rg-terraform-VariableTest-001/providers/Microsoft.Network/virtualNetworks/vnet-variableTestjm-we-001/subnets/sn-variableTest-we-001",
                "name": "sn-variableTest-we-001",
                "security_group": ""
              },
              {
                "address_prefix": "10.10.2.0/24",
                "id": "/subscriptions/efc1e7b1-5729-4eea-b33e-12cc6b1c0183/resourceGroups/rg-terraform-VariableTest-001/providers/Microsoft.Network/virtualNetworks/vnet-variableTestjm-we-001/subnets/sn-variableTest-we-002",
                "name": "sn-variableTest-we-002",
                "security_group": "/subscriptions/efc1e7b1-5729-4eea-b33e-12cc6b1c0183/resourceGroups/rg-terraform-VariableTest-001/providers/Microsoft.Network/networkSecurityGroups/nsg-variableTest-001"
              }
            ],
            "tags": null,
            "timeouts": null
          },
          "sensitive_attributes": [],
          "private": "eyJlMmJmYjczMC1lY2FhLTExZTYtOGY4OC0zNDM2M2JjN2M0YzAiOnsiY3JlYXRlIjoxODAwMDAwMDAwMDAwLCJkZWxldGUiOjE4MDAwMDAwMDAwMDAsInJlYWQiOjMwMDAwMDAwMDAwMCwidXBkYXRlIjoxODAwMDAwMDAwMDAwfX0=",
          "dependencies": [
            "azurerm_network_security_group.nsg006",
            "azurerm_resource_group.rgwe006"
          ]
        }
      ]
    }
  ],
  "check_results": null
}
