{
  "version": 4,
  "terraform_version": "1.5.6",
  "serial": 5,
  "lineage": "d5cf29fc-3a6d-9a6a-6650-5f262aee87fa",
  "outputs": {},
  "resources": [
    {
      "mode": "managed",
      "type": "azurerm_resource_group",
      "name": "firstdeploy-rg",
      "provider": "provider[\"registry.terraform.io/hashicorp/azurerm\"]",
      "instances": [
        {
          "schema_version": 0,
          "attributes": {
            "id": "/subscriptions/efc1e7b1-5729-4eea-b33e-12cc6b1c0183/resourceGroups/rg-firstdeply-ne",
            "location": "northeurope",
            "managed_by": "",
            "name": "rg-firstdeply-ne",
            "tags": {},
            "timeouts": null
          },
          "sensitive_attributes": [],
          "private": "eyJlMmJmYjczMC1lY2FhLTExZTYtOGY4OC0zNDM2M2JjN2M0YzAiOnsiY3JlYXRlIjo1NDAwMDAwMDAwMDAwLCJkZWxldGUiOjU0MDAwMDAwMDAwMDAsInJlYWQiOjMwMDAwMDAwMDAwMCwidXBkYXRlIjo1NDAwMDAwMDAwMDAwfX0="
        }
      ]
    },
    {
      "mode": "managed",
      "type": "azurerm_storage_account",
      "name": "firstdeploy-sa",
      "provider": "provider[\"registry.terraform.io/hashicorp/azurerm\"]",
      "instances": [
        {
          "schema_version": 4,
          "attributes": {
            "access_tier": "Hot",
            "account_kind": "StorageV2",
            "account_replication_type": "GRS",
            "account_tier": "Standard",
            "allow_nested_items_to_be_public": true,
            "allowed_copy_scope": "",
            "azure_files_authentication": [],
            "blob_properties": [
              {
                "change_feed_enabled": false,
                "change_feed_retention_in_days": 0,
                "container_delete_retention_policy": [],
                "cors_rule": [],
                "default_service_version": "",
                "delete_retention_policy": [],
                "last_access_time_enabled": false,
                "restore_policy": [],
                "versioning_enabled": false
              }
            ],
            "cross_tenant_replication_enabled": true,
            "custom_domain": [],
            "customer_managed_key": [],
            "default_to_oauth_authentication": false,
            "edge_zone": "",
            "enable_https_traffic_only": true,
            "id": "/subscriptions/efc1e7b1-5729-4eea-b33e-12cc6b1c0183/resourceGroups/rg-firstdeply-ne/providers/Microsoft.Storage/storageAccounts/jmatisip01",
            "identity": [],
            "immutability_policy": [],
            "infrastructure_encryption_enabled": false,
            "is_hns_enabled": false,
            "large_file_share_enabled": null,
            "location": "northeurope",
            "min_tls_version": "TLS1_2",
            "name": "jmatisip01",
            "network_rules": [
              {
                "bypass": [
                  "AzureServices"
                ],
                "default_action": "Allow",
                "ip_rules": [],
                "private_link_access": [],
                "virtual_network_subnet_ids": []
              }
            ],
            "nfsv3_enabled": false,
            "primary_access_key": "uVm0kF33vfZW1m4cWxFLUeWophe8LdaGnLxanqHjLsvug+uqpfaCgnuOIb70EPtgFZGj5/WgGGbH+AStNYVrqA==",
            "primary_blob_connection_string": "DefaultEndpointsProtocol=https;BlobEndpoint=https://jmatisip01.blob.core.windows.net/;AccountName=jmatisip01;AccountKey=uVm0kF33vfZW1m4cWxFLUeWophe8LdaGnLxanqHjLsvug+uqpfaCgnuOIb70EPtgFZGj5/WgGGbH+AStNYVrqA==",
            "primary_blob_endpoint": "https://jmatisip01.blob.core.windows.net/",
            "primary_blob_host": "jmatisip01.blob.core.windows.net",
            "primary_connection_string": "DefaultEndpointsProtocol=https;AccountName=jmatisip01;AccountKey=uVm0kF33vfZW1m4cWxFLUeWophe8LdaGnLxanqHjLsvug+uqpfaCgnuOIb70EPtgFZGj5/WgGGbH+AStNYVrqA==;EndpointSuffix=core.windows.net",
            "primary_dfs_endpoint": "https://jmatisip01.dfs.core.windows.net/",
            "primary_dfs_host": "jmatisip01.dfs.core.windows.net",
            "primary_file_endpoint": "https://jmatisip01.file.core.windows.net/",
            "primary_file_host": "jmatisip01.file.core.windows.net",
            "primary_location": "northeurope",
            "primary_queue_endpoint": "https://jmatisip01.queue.core.windows.net/",
            "primary_queue_host": "jmatisip01.queue.core.windows.net",
            "primary_table_endpoint": "https://jmatisip01.table.core.windows.net/",
            "primary_table_host": "jmatisip01.table.core.windows.net",
            "primary_web_endpoint": "https://jmatisip01.z16.web.core.windows.net/",
            "primary_web_host": "jmatisip01.z16.web.core.windows.net",
            "public_network_access_enabled": true,
            "queue_encryption_key_type": "Service",
            "queue_properties": [
              {
                "cors_rule": [],
                "hour_metrics": [
                  {
                    "enabled": true,
                    "include_apis": true,
                    "retention_policy_days": 7,
                    "version": "1.0"
                  }
                ],
                "logging": [
                  {
                    "delete": false,
                    "read": false,
                    "retention_policy_days": 0,
                    "version": "1.0",
                    "write": false
                  }
                ],
                "minute_metrics": [
                  {
                    "enabled": false,
                    "include_apis": false,
                    "retention_policy_days": 0,
                    "version": "1.0"
                  }
                ]
              }
            ],
            "resource_group_name": "rg-firstdeply-ne",
            "routing": [],
            "sas_policy": [],
            "secondary_access_key": "w4TVW54Ylzaw9lCtJJtMrl3F4K/ckGM8BuGYqSvqmAuR4DdcYb4cnAoFfsxTF3LsD5GYhVSaTgiQ+AStYIBC9Q==",
            "secondary_blob_connection_string": "",
            "secondary_blob_endpoint": null,
            "secondary_blob_host": null,
            "secondary_connection_string": "DefaultEndpointsProtocol=https;AccountName=jmatisip01;AccountKey=w4TVW54Ylzaw9lCtJJtMrl3F4K/ckGM8BuGYqSvqmAuR4DdcYb4cnAoFfsxTF3LsD5GYhVSaTgiQ+AStYIBC9Q==;EndpointSuffix=core.windows.net",
            "secondary_dfs_endpoint": null,
            "secondary_dfs_host": null,
            "secondary_file_endpoint": null,
            "secondary_file_host": null,
            "secondary_location": "westeurope",
            "secondary_queue_endpoint": null,
            "secondary_queue_host": null,
            "secondary_table_endpoint": null,
            "secondary_table_host": null,
            "secondary_web_endpoint": null,
            "secondary_web_host": null,
            "sftp_enabled": false,
            "share_properties": [
              {
                "cors_rule": [],
                "retention_policy": [
                  {
                    "days": 7
                  }
                ],
                "smb": []
              }
            ],
            "shared_access_key_enabled": true,
            "static_website": [],
            "table_encryption_key_type": "Service",
            "tags": {
              "environment": "firstdeploy"
            },
            "timeouts": null
          },
          "sensitive_attributes": [],
          "private": "eyJlMmJmYjczMC1lY2FhLTExZTYtOGY4OC0zNDM2M2JjN2M0YzAiOnsiY3JlYXRlIjozNjAwMDAwMDAwMDAwLCJkZWxldGUiOjM2MDAwMDAwMDAwMDAsInJlYWQiOjMwMDAwMDAwMDAwMCwidXBkYXRlIjozNjAwMDAwMDAwMDAwfSwic2NoZW1hX3ZlcnNpb24iOiI0In0=",
          "dependencies": [
            "azurerm_resource_group.firstdeploy-rg"
          ]
        }
      ]
    }
  ],
  "check_results": null
}
